
Microsoft Visual Studio Solution File, Format Version 12.00
# Visual Studio 2013
VisualStudioVersion = 12.0.21005.1
MinimumVisualStudioVersion = 10.0.40219.1
Project("{FAE04EC0-301F-11D3-BF4B-00C04F79EFBC}") = "minmax", "minmax\minmax.csproj", "{84CA546C-4B26-422C-8299-E87217E1BEF7}"
EndProject
Project("{FAE04EC0-301F-11D3-BF4B-00C04F79EFBC}") = "dekodeirovanie", "dekodeirovanie\dekodeirovanie.csproj", "{EAB0FEDE-F39A-4C35-B1E1-CE7D8F1594F4}"
EndProject
Project("{FAE04EC0-301F-11D3-BF4B-00C04F79EFBC}") = "polindrome", "polindrome\polindrome.csproj", "{088B7250-B952-4609-9693-0AA768132EDA}"
EndProject
Project("{FAE04EC0-301F-11D3-BF4B-00C04F79EFBC}") = "10task", "10task\10task.csproj", "{800A1452-1843-41E3-8E7C-FEB664724082}"
EndProject
Project("{FAE04EC0-301F-11D3-BF4B-00C04F79EFBC}") = "20task", "20task\20task.csproj", "{91A54003-001E-4EFF-9F3B-F02157C1D6F0}"
EndProject
Project("{FAE04EC0-301F-11D3-BF4B-00C04F79EFBC}") = "21task", "21task\21task.csproj", "{576DB1A4-0DA3-4CFE-8CDC-31384328CE41}"
EndProject
Global
	GlobalSection(SolutionConfigurationPlatforms) = preSolution
		Debug|Any CPU = Debug|Any CPU
		Release|Any CPU = Release|Any CPU
	EndGlobalSection
	GlobalSection(ProjectConfigurationPlatforms) = postSolution
		{84CA546C-4B26-422C-8299-E87217E1BEF7}.Debug|Any CPU.ActiveCfg = Debug|Any CPU
		{84CA546C-4B26-422C-8299-E87217E1BEF7}.Debug|Any CPU.Build.0 = Debug|Any CPU
		{84CA546C-4B26-422C-8299-E87217E1BEF7}.Release|Any CPU.ActiveCfg = Release|Any CPU
		{84CA546C-4B26-422C-8299-E87217E1BEF7}.Release|Any CPU.Build.0 = Release|Any CPU
		{EAB0FEDE-F39A-4C35-B1E1-CE7D8F1594F4}.Debug|Any CPU.ActiveCfg = Debug|Any CPU
		{EAB0FEDE-F39A-4C35-B1E1-CE7D8F1594F4}.Debug|Any CPU.Build.0 = Debug|Any CPU
		{EAB0FEDE-F39A-4C35-B1E1-CE7D8F1594F4}.Release|Any CPU.ActiveCfg = Release|Any CPU
		{EAB0FEDE-F39A-4C35-B1E1-CE7D8F1594F4}.Release|Any CPU.Build.0 = Release|Any CPU
		{088B7250-B952-4609-9693-0AA768132EDA}.Debug|Any CPU.ActiveCfg = Debug|Any CPU
		{088B7250-B952-4609-9693-0AA768132EDA}.Debug|Any CPU.Build.0 = Debug|Any CPU
		{088B7250-B952-4609-9693-0AA768132EDA}.Release|Any CPU.ActiveCfg = Release|Any CPU
		{088B7250-B952-4609-9693-0AA768132EDA}.Release|Any CPU.Build.0 = Release|Any CPU
		{800A1452-1843-41E3-8E7C-FEB664724082}.Debug|Any CPU.ActiveCfg = Debug|Any CPU
		{800A1452-1843-41E3-8E7C-FEB664724082}.Debug|Any CPU.Build.0 = Debug|Any CPU
		{800A1452-1843-41E3-8E7C-FEB664724082}.Release|Any CPU.ActiveCfg = Release|Any CPU
		{800A1452-1843-41E3-8E7C-FEB664724082}.Release|Any CPU.Build.0 = Release|Any CPU
		{91A54003-001E-4EFF-9F3B-F02157C1D6F0}.Debug|Any CPU.ActiveCfg = Debug|Any CPU
		{91A54003-001E-4EFF-9F3B-F02157C1D6F0}.Debug|Any CPU.Build.0 = Debug|Any CPU
		{91A54003-001E-4EFF-9F3B-F02157C1D6F0}.Release|Any CPU.ActiveCfg = Release|Any CPU
		{91A54003-001E-4EFF-9F3B-F02157C1D6F0}.Release|Any CPU.Build.0 = Release|Any CPU
		{576DB1A4-0DA3-4CFE-8CDC-31384328CE41}.Debug|Any CPU.ActiveCfg = Debug|Any CPU
		{576DB1A4-0DA3-4CFE-8CDC-31384328CE41}.Debug|Any CPU.Build.0 = Debug|Any CPU
		{576DB1A4-0DA3-4CFE-8CDC-31384328CE41}.Release|Any CPU.ActiveCfg = Release|Any CPU
		{576DB1A4-0DA3-4CFE-8CDC-31384328CE41}.Release|Any CPU.Build.0 = Release|Any CPU
	EndGlobalSection
	GlobalSection(SolutionProperties) = preSolution
		HideSolutionNode = FALSE
	EndGlobalSection
EndGlobal
