
Microsoft Visual Studio Solution File, Format Version 12.00
# Visual Studio 2013
VisualStudioVersion = 12.0.21005.1
MinimumVisualStudioVersion = 10.0.40219.1
Project("{FAE04EC0-301F-11D3-BF4B-00C04F79EFBC}") = "minmax", "minmax\minmax.csproj", "{84CA546C-4B26-422C-8299-E87217E1BEF7}"
EndProject
Project("{FAE04EC0-301F-11D3-BF4B-00C04F79EFBC}") = "dekodeirovanie", "dekodeirovanie\dekodeirovanie.csproj", "{EAB0FEDE-F39A-4C35-B1E1-CE7D8F1594F4}"
EndProject
Project("{FAE04EC0-301F-11D3-BF4B-00C04F79EFBC}") = "polindrome", "polindrome\polindrome.csproj", "{088B7250-B952-4609-9693-0AA768132EDA}"
EndProject
Project("{FAE04EC0-301F-11D3-BF4B-00C04F79EFBC}") = "20task", "20task\20task.csproj", "{91A54003-001E-4EFF-9F3B-F02157C1D6F0}"
EndProject
Project("{FAE04EC0-301F-11D3-BF4B-00C04F79EFBC}") = "task10", "task10\task10.csproj", "{0D363977-68C1-4C6E-9DFE-B8F4EF5C5E79}"
EndProject
Project("{FAE04EC0-301F-11D3-BF4B-00C04F79EFBC}") = "task21", "task21\task21.csproj", "{808B3DD4-1A83-4ECC-8FAA-F80E986A8E94}"
EndProject
Project("{FAE04EC0-301F-11D3-BF4B-00C04F79EFBC}") = "date", "ConsoleApplication1\date.csproj", "{2C64483A-1337-4793-BE4C-0DC75F7E8815}"
EndProject
Project("{FAE04EC0-301F-11D3-BF4B-00C04F79EFBC}") = "datatime", "datatime\datatime.csproj", "{032F074A-5D21-44B6-AEB4-AD9D47690A8E}"
EndProject
Project("{FAE04EC0-301F-11D3-BF4B-00C04F79EFBC}") = "nullornotnull", "nullornotnull\nullornotnull.csproj", "{645AD9C3-601B-4334-B999-8A71033BF8A6}"
EndProject
Project("{FAE04EC0-301F-11D3-BF4B-00C04F79EFBC}") = "midlelevel12", "midlelevel12\midlelevel12.csproj", "{05D2A0AA-3C3B-4A8D-865E-A65E39DC9098}"
EndProject
Project("{FAE04EC0-301F-11D3-BF4B-00C04F79EFBC}") = "midlelevel20", "midlelevel20\midlelevel20.csproj", "{0E2A2EBE-3F51-4C3A-BC38-B8652169864B}"
EndProject
Project("{FAE04EC0-301F-11D3-BF4B-00C04F79EFBC}") = "midlelevelstask21", "midlelevelstask21\midlelevelstask21.csproj", "{351A8BA3-CA9D-49AC-B543-000F84786B35}"
EndProject
Project("{FAE04EC0-301F-11D3-BF4B-00C04F79EFBC}") = "struct task 10", "struct task 10\struct task 10.csproj", "{1AA1C971-395B-4F74-B31B-FBB15FBFF5C3}"
EndProject
Project("{FAE04EC0-301F-11D3-BF4B-00C04F79EFBC}") = "struct task 20", "struct task 20\struct task 20.csproj", "{117F4001-B390-46C3-9B63-7284E312E558}"
EndProject
Project("{FAE04EC0-301F-11D3-BF4B-00C04F79EFBC}") = "struct task 21", "struct task 21\struct task 21.csproj", "{F7FF598D-1E59-4813-BE3F-FCAF88FFBA84}"
EndProject
Project("{FAE04EC0-301F-11D3-BF4B-00C04F79EFBC}") = "mas 7", "mas 7\mas 7.csproj", "{D026E9B9-E6E3-4A8B-8341-268BCDB038F0}"
EndProject
Project("{FAE04EC0-301F-11D3-BF4B-00C04F79EFBC}") = "mas mas 1", "mas mas 1\mas mas 1.csproj", "{54609E7F-119B-42F9-BD85-5407C08C14C4}"
EndProject
Global
	GlobalSection(SolutionConfigurationPlatforms) = preSolution
		Debug|Any CPU = Debug|Any CPU
		Release|Any CPU = Release|Any CPU
	EndGlobalSection
	GlobalSection(ProjectConfigurationPlatforms) = postSolution
		{84CA546C-4B26-422C-8299-E87217E1BEF7}.Debug|Any CPU.ActiveCfg = Debug|Any CPU
		{84CA546C-4B26-422C-8299-E87217E1BEF7}.Debug|Any CPU.Build.0 = Debug|Any CPU
		{84CA546C-4B26-422C-8299-E87217E1BEF7}.Release|Any CPU.ActiveCfg = Release|Any CPU
		{84CA546C-4B26-422C-8299-E87217E1BEF7}.Release|Any CPU.Build.0 = Release|Any CPU
		{EAB0FEDE-F39A-4C35-B1E1-CE7D8F1594F4}.Debug|Any CPU.ActiveCfg = Debug|Any CPU
		{EAB0FEDE-F39A-4C35-B1E1-CE7D8F1594F4}.Debug|Any CPU.Build.0 = Debug|Any CPU
		{EAB0FEDE-F39A-4C35-B1E1-CE7D8F1594F4}.Release|Any CPU.ActiveCfg = Release|Any CPU
		{EAB0FEDE-F39A-4C35-B1E1-CE7D8F1594F4}.Release|Any CPU.Build.0 = Release|Any CPU
		{088B7250-B952-4609-9693-0AA768132EDA}.Debug|Any CPU.ActiveCfg = Debug|Any CPU
		{088B7250-B952-4609-9693-0AA768132EDA}.Debug|Any CPU.Build.0 = Debug|Any CPU
		{088B7250-B952-4609-9693-0AA768132EDA}.Release|Any CPU.ActiveCfg = Release|Any CPU
		{088B7250-B952-4609-9693-0AA768132EDA}.Release|Any CPU.Build.0 = Release|Any CPU
		{91A54003-001E-4EFF-9F3B-F02157C1D6F0}.Debug|Any CPU.ActiveCfg = Debug|Any CPU
		{91A54003-001E-4EFF-9F3B-F02157C1D6F0}.Debug|Any CPU.Build.0 = Debug|Any CPU
		{91A54003-001E-4EFF-9F3B-F02157C1D6F0}.Release|Any CPU.ActiveCfg = Release|Any CPU
		{91A54003-001E-4EFF-9F3B-F02157C1D6F0}.Release|Any CPU.Build.0 = Release|Any CPU
		{0D363977-68C1-4C6E-9DFE-B8F4EF5C5E79}.Debug|Any CPU.ActiveCfg = Debug|Any CPU
		{0D363977-68C1-4C6E-9DFE-B8F4EF5C5E79}.Debug|Any CPU.Build.0 = Debug|Any CPU
		{0D363977-68C1-4C6E-9DFE-B8F4EF5C5E79}.Release|Any CPU.ActiveCfg = Release|Any CPU
		{0D363977-68C1-4C6E-9DFE-B8F4EF5C5E79}.Release|Any CPU.Build.0 = Release|Any CPU
		{808B3DD4-1A83-4ECC-8FAA-F80E986A8E94}.Debug|Any CPU.ActiveCfg = Debug|Any CPU
		{808B3DD4-1A83-4ECC-8FAA-F80E986A8E94}.Debug|Any CPU.Build.0 = Debug|Any CPU
		{808B3DD4-1A83-4ECC-8FAA-F80E986A8E94}.Release|Any CPU.ActiveCfg = Release|Any CPU
		{808B3DD4-1A83-4ECC-8FAA-F80E986A8E94}.Release|Any CPU.Build.0 = Release|Any CPU
		{2C64483A-1337-4793-BE4C-0DC75F7E8815}.Debug|Any CPU.ActiveCfg = Debug|Any CPU
		{2C64483A-1337-4793-BE4C-0DC75F7E8815}.Debug|Any CPU.Build.0 = Debug|Any CPU
		{2C64483A-1337-4793-BE4C-0DC75F7E8815}.Release|Any CPU.ActiveCfg = Release|Any CPU
		{2C64483A-1337-4793-BE4C-0DC75F7E8815}.Release|Any CPU.Build.0 = Release|Any CPU
		{032F074A-5D21-44B6-AEB4-AD9D47690A8E}.Debug|Any CPU.ActiveCfg = Debug|Any CPU
		{032F074A-5D21-44B6-AEB4-AD9D47690A8E}.Debug|Any CPU.Build.0 = Debug|Any CPU
		{032F074A-5D21-44B6-AEB4-AD9D47690A8E}.Release|Any CPU.ActiveCfg = Release|Any CPU
		{032F074A-5D21-44B6-AEB4-AD9D47690A8E}.Release|Any CPU.Build.0 = Release|Any CPU
		{645AD9C3-601B-4334-B999-8A71033BF8A6}.Debug|Any CPU.ActiveCfg = Debug|Any CPU
		{645AD9C3-601B-4334-B999-8A71033BF8A6}.Debug|Any CPU.Build.0 = Debug|Any CPU
		{645AD9C3-601B-4334-B999-8A71033BF8A6}.Release|Any CPU.ActiveCfg = Release|Any CPU
		{645AD9C3-601B-4334-B999-8A71033BF8A6}.Release|Any CPU.Build.0 = Release|Any CPU
		{05D2A0AA-3C3B-4A8D-865E-A65E39DC9098}.Debug|Any CPU.ActiveCfg = Debug|Any CPU
		{05D2A0AA-3C3B-4A8D-865E-A65E39DC9098}.Debug|Any CPU.Build.0 = Debug|Any CPU
		{05D2A0AA-3C3B-4A8D-865E-A65E39DC9098}.Release|Any CPU.ActiveCfg = Release|Any CPU
		{05D2A0AA-3C3B-4A8D-865E-A65E39DC9098}.Release|Any CPU.Build.0 = Release|Any CPU
		{0E2A2EBE-3F51-4C3A-BC38-B8652169864B}.Debug|Any CPU.ActiveCfg = Debug|Any CPU
		{0E2A2EBE-3F51-4C3A-BC38-B8652169864B}.Debug|Any CPU.Build.0 = Debug|Any CPU
		{0E2A2EBE-3F51-4C3A-BC38-B8652169864B}.Release|Any CPU.ActiveCfg = Release|Any CPU
		{0E2A2EBE-3F51-4C3A-BC38-B8652169864B}.Release|Any CPU.Build.0 = Release|Any CPU
		{351A8BA3-CA9D-49AC-B543-000F84786B35}.Debug|Any CPU.ActiveCfg = Debug|Any CPU
		{351A8BA3-CA9D-49AC-B543-000F84786B35}.Debug|Any CPU.Build.0 = Debug|Any CPU
		{351A8BA3-CA9D-49AC-B543-000F84786B35}.Release|Any CPU.ActiveCfg = Release|Any CPU
		{351A8BA3-CA9D-49AC-B543-000F84786B35}.Release|Any CPU.Build.0 = Release|Any CPU
		{1AA1C971-395B-4F74-B31B-FBB15FBFF5C3}.Debug|Any CPU.ActiveCfg = Debug|Any CPU
		{1AA1C971-395B-4F74-B31B-FBB15FBFF5C3}.Debug|Any CPU.Build.0 = Debug|Any CPU
		{1AA1C971-395B-4F74-B31B-FBB15FBFF5C3}.Release|Any CPU.ActiveCfg = Release|Any CPU
		{1AA1C971-395B-4F74-B31B-FBB15FBFF5C3}.Release|Any CPU.Build.0 = Release|Any CPU
		{117F4001-B390-46C3-9B63-7284E312E558}.Debug|Any CPU.ActiveCfg = Debug|Any CPU
		{117F4001-B390-46C3-9B63-7284E312E558}.Debug|Any CPU.Build.0 = Debug|Any CPU
		{117F4001-B390-46C3-9B63-7284E312E558}.Release|Any CPU.ActiveCfg = Release|Any CPU
		{117F4001-B390-46C3-9B63-7284E312E558}.Release|Any CPU.Build.0 = Release|Any CPU
		{F7FF598D-1E59-4813-BE3F-FCAF88FFBA84}.Debug|Any CPU.ActiveCfg = Debug|Any CPU
		{F7FF598D-1E59-4813-BE3F-FCAF88FFBA84}.Debug|Any CPU.Build.0 = Debug|Any CPU
		{F7FF598D-1E59-4813-BE3F-FCAF88FFBA84}.Release|Any CPU.ActiveCfg = Release|Any CPU
		{F7FF598D-1E59-4813-BE3F-FCAF88FFBA84}.Release|Any CPU.Build.0 = Release|Any CPU
		{D026E9B9-E6E3-4A8B-8341-268BCDB038F0}.Debug|Any CPU.ActiveCfg = Debug|Any CPU
		{D026E9B9-E6E3-4A8B-8341-268BCDB038F0}.Debug|Any CPU.Build.0 = Debug|Any CPU
		{D026E9B9-E6E3-4A8B-8341-268BCDB038F0}.Release|Any CPU.ActiveCfg = Release|Any CPU
		{D026E9B9-E6E3-4A8B-8341-268BCDB038F0}.Release|Any CPU.Build.0 = Release|Any CPU
		{54609E7F-119B-42F9-BD85-5407C08C14C4}.Debug|Any CPU.ActiveCfg = Debug|Any CPU
		{54609E7F-119B-42F9-BD85-5407C08C14C4}.Debug|Any CPU.Build.0 = Debug|Any CPU
		{54609E7F-119B-42F9-BD85-5407C08C14C4}.Release|Any CPU.ActiveCfg = Release|Any CPU
		{54609E7F-119B-42F9-BD85-5407C08C14C4}.Release|Any CPU.Build.0 = Release|Any CPU
	EndGlobalSection
	GlobalSection(SolutionProperties) = preSolution
		HideSolutionNode = FALSE
	EndGlobalSection
EndGlobal
